{
  "name": "avsv-datarooms",
  "version": "0.0.1",
  "lockfileVersion": 2,
  "requires": true,
  "packages": {
    "": {
      "name": "avsv-datarooms",
      "version": "0.0.1",
      "dependencies": {
        "@capacitor-community/http": "^1.4.1",
        "@capacitor/device": "^1.1.2",
        "js-sha1": "^0.6.0",
        "tslib": "^2.3.0"
      },
      "peerDependencies": {
        "@angular/common": "^12.2.0",
        "@angular/core": "^12.2.0"
      }
    },
    "node_modules/@angular/common": {
      "version": "12.2.16",
      "resolved": "https://registry.npmjs.org/@angular/common/-/common-12.2.16.tgz",
      "integrity": "sha512-FEqTXTEsnbDInqV1yFlm97Tz1OFqZS5t0TUkm8gzXRgpIce/F/jLwAg0u1VQkgOsno6cNm0xTWPoZgu85NI4ug==",
      "peer": true,
      "dependencies": {
        "tslib": "^2.2.0"
      },
      "engines": {
        "node": "^12.14.1 || >=14.0.0"
      },
      "peerDependencies": {
        "@angular/core": "12.2.16",
        "rxjs": "^6.5.3 || ^7.0.0"
      }
    },
    "node_modules/@angular/core": {
      "version": "12.2.16",
      "resolved": "https://registry.npmjs.org/@angular/core/-/core-12.2.16.tgz",
      "integrity": "sha512-jsmvaRdAfng99z2a9mAmkfcsCE1wm+tBYVDxnc5JquSXznwtncjzcoc2X0J0dzrkCDvzFfpTsZ9vehylytBc+A==",
      "peer": true,
      "dependencies": {
        "tslib": "^2.2.0"
      },
      "engines": {
        "node": "^12.14.1 || >=14.0.0"
      },
      "peerDependencies": {
        "rxjs": "^6.5.3 || ^7.0.0",
        "zone.js": "~0.11.4"
      }
    },
    "node_modules/@capacitor-community/http": {
      "version": "1.4.1",
      "resolved": "https://registry.npmjs.org/@capacitor-community/http/-/http-1.4.1.tgz",
      "integrity": "sha512-+pCkBXrwfm97UfjOgjV950H/qZ8SE36Mrcb46BlL1ps3VIsGuIO+AulL8GqTC6LewheRVtGJpRspNtneXQotNA==",
      "dependencies": {
        "@capacitor/android": "^3.0.0",
        "@capacitor/core": "^3.0.0",
        "@capacitor/filesystem": "^1.0.0",
        "@capacitor/ios": "^3.0.0"
      }
    },
    "node_modules/@capacitor/android": {
      "version": "3.4.3",
      "resolved": "https://registry.npmjs.org/@capacitor/android/-/android-3.4.3.tgz",
      "integrity": "sha512-G/6+mbOde9LMWl5KvA5rB/xEQF05sKrQFMBwo8y3C8pYF+axtcrS0Dgze9rOB7nCjH4NXv/bLw58E9+q8/sQUA==",
      "peerDependencies": {
        "@capacitor/core": "^3.4.0"
      }
    },
    "node_modules/@capacitor/core": {
      "version": "3.4.3",
      "resolved": "https://registry.npmjs.org/@capacitor/core/-/core-3.4.3.tgz",
      "integrity": "sha512-drfu0IiDMyeJtL4QALQgNFqdgN19DZJkbKh945eXyK44Sk2YkFXUs7Ewq1ZlVI30QF79mHGuM13oZeki0gv5Tw==",
      "dependencies": {
        "tslib": "^2.1.0"
      }
    },
    "node_modules/@capacitor/device": {
      "version": "1.1.2",
      "resolved": "https://registry.npmjs.org/@capacitor/device/-/device-1.1.2.tgz",
      "integrity": "sha512-1i6yvuSC7Ys7fs4JsUtfwG/00d2FF2TvWpbYs7YbkXhp1vOTL510gwjc5S6FTyhh8M9sAaUU5tKB68XwlSK/GA==",
      "peerDependencies": {
        "@capacitor/core": "^3.0.0"
      }
    },
    "node_modules/@capacitor/filesystem": {
      "version": "1.1.0",
      "resolved": "https://registry.npmjs.org/@capacitor/filesystem/-/filesystem-1.1.0.tgz",
      "integrity": "sha512-8O3UuvL8HNUEJvZnmn8yUmvgB1evtXfcF0oxIo3YbSlylqywJwS3JTiuhKmsvSxCdpbTy8IaTsutVh3gZgWbKg==",
      "peerDependencies": {
        "@capacitor/core": "^3.0.0"
      }
    },
    "node_modules/@capacitor/ios": {
      "version": "3.4.3",
      "resolved": "https://registry.npmjs.org/@capacitor/ios/-/ios-3.4.3.tgz",
      "integrity": "sha512-WG6LHzkclYfiF8yBty31j256SD8XmNN1FlOiJUVeu5wz9gM4vw8FpTYIkj2VJoiBnQiB/OWotfnJp2Mp1Rfbtg==",
      "peerDependencies": {
        "@capacitor/core": "^3.4.0"
      }
    },
    "node_modules/js-sha1": {
      "version": "0.6.0",
      "resolved": "https://registry.npmjs.org/js-sha1/-/js-sha1-0.6.0.tgz",
      "integrity": "sha512-01gwBFreYydzmU9BmZxpVk6svJJHrVxEN3IOiGl6VO93bVKYETJ0sIth6DASI6mIFdt7NmfX9UiByRzsYHGU9w=="
    },
    "node_modules/rxjs": {
      "version": "7.5.5",
      "resolved": "https://registry.npmjs.org/rxjs/-/rxjs-7.5.5.tgz",
      "integrity": "sha512-sy+H0pQofO95VDmFLzyaw9xNJU4KTRSwQIGM6+iG3SypAtCiLDzpeG8sJrNCWn2Up9km+KhkvTdbkrdy+yzZdw==",
      "peer": true,
      "dependencies": {
        "tslib": "^2.1.0"
      }
    },
    "node_modules/tslib": {
      "version": "2.3.1",
      "resolved": "https://registry.npmjs.org/tslib/-/tslib-2.3.1.tgz",
      "integrity": "sha512-77EbyPPpMz+FRFRuAFlWMtmgUWGe9UOG2Z25NqCwiIjRhOf5iKGuzSe5P2w1laq+FkRy4p+PCuVkJSGkzTEKVw=="
    },
    "node_modules/zone.js": {
      "version": "0.11.5",
      "resolved": "https://registry.npmjs.org/zone.js/-/zone.js-0.11.5.tgz",
      "integrity": "sha512-D1/7VxEuQ7xk6z/kAROe4SUbd9CzxY4zOwVGnGHerd/SgLIVU5f4esDzQUsOCeArn933BZfWMKydH7l7dPEp0g==",
      "peer": true,
      "dependencies": {
        "tslib": "^2.3.0"
      }
    }
  },
  "dependencies": {
    "@angular/common": {
      "version": "12.2.16",
      "resolved": "https://registry.npmjs.org/@angular/common/-/common-12.2.16.tgz",
      "integrity": "sha512-FEqTXTEsnbDInqV1yFlm97Tz1OFqZS5t0TUkm8gzXRgpIce/F/jLwAg0u1VQkgOsno6cNm0xTWPoZgu85NI4ug==",
      "peer": true,
      "requires": {
        "tslib": "^2.2.0"
      }
    },
    "@angular/core": {
      "version": "12.2.16",
      "resolved": "https://registry.npmjs.org/@angular/core/-/core-12.2.16.tgz",
      "integrity": "sha512-jsmvaRdAfng99z2a9mAmkfcsCE1wm+tBYVDxnc5JquSXznwtncjzcoc2X0J0dzrkCDvzFfpTsZ9vehylytBc+A==",
      "peer": true,
      "requires": {
        "tslib": "^2.2.0"
      }
    },
    "@capacitor-community/http": {
      "version": "1.4.1",
      "resolved": "https://registry.npmjs.org/@capacitor-community/http/-/http-1.4.1.tgz",
      "integrity": "sha512-+pCkBXrwfm97UfjOgjV950H/qZ8SE36Mrcb46BlL1ps3VIsGuIO+AulL8GqTC6LewheRVtGJpRspNtneXQotNA==",
      "requires": {
        "@capacitor/android": "^3.0.0",
        "@capacitor/core": "^3.0.0",
        "@capacitor/filesystem": "^1.0.0",
        "@capacitor/ios": "^3.0.0"
      }
    },
    "@capacitor/android": {
      "version": "3.4.3",
      "resolved": "https://registry.npmjs.org/@capacitor/android/-/android-3.4.3.tgz",
      "integrity": "sha512-G/6+mbOde9LMWl5KvA5rB/xEQF05sKrQFMBwo8y3C8pYF+axtcrS0Dgze9rOB7nCjH4NXv/bLw58E9+q8/sQUA==",
      "requires": {}
    },
    "@capacitor/core": {
      "version": "3.4.3",
      "resolved": "https://registry.npmjs.org/@capacitor/core/-/core-3.4.3.tgz",
      "integrity": "sha512-drfu0IiDMyeJtL4QALQgNFqdgN19DZJkbKh945eXyK44Sk2YkFXUs7Ewq1ZlVI30QF79mHGuM13oZeki0gv5Tw==",
      "requires": {
        "tslib": "^2.1.0"
      }
    },
    "@capacitor/device": {
      "version": "1.1.2",
      "resolved": "https://registry.npmjs.org/@capacitor/device/-/device-1.1.2.tgz",
      "integrity": "sha512-1i6yvuSC7Ys7fs4JsUtfwG/00d2FF2TvWpbYs7YbkXhp1vOTL510gwjc5S6FTyhh8M9sAaUU5tKB68XwlSK/GA==",
      "requires": {}
    },
    "@capacitor/filesystem": {
      "version": "1.1.0",
      "resolved": "https://registry.npmjs.org/@capacitor/filesystem/-/filesystem-1.1.0.tgz",
      "integrity": "sha512-8O3UuvL8HNUEJvZnmn8yUmvgB1evtXfcF0oxIo3YbSlylqywJwS3JTiuhKmsvSxCdpbTy8IaTsutVh3gZgWbKg==",
      "requires": {}
    },
    "@capacitor/ios": {
      "version": "3.4.3",
      "resolved": "https://registry.npmjs.org/@capacitor/ios/-/ios-3.4.3.tgz",
      "integrity": "sha512-WG6LHzkclYfiF8yBty31j256SD8XmNN1FlOiJUVeu5wz9gM4vw8FpTYIkj2VJoiBnQiB/OWotfnJp2Mp1Rfbtg==",
      "requires": {}
    },
    "js-sha1": {
      "version": "0.6.0",
      "resolved": "https://registry.npmjs.org/js-sha1/-/js-sha1-0.6.0.tgz",
      "integrity": "sha512-01gwBFreYydzmU9BmZxpVk6svJJHrVxEN3IOiGl6VO93bVKYETJ0sIth6DASI6mIFdt7NmfX9UiByRzsYHGU9w=="
    },
    "rxjs": {
      "version": "7.5.5",
      "resolved": "https://registry.npmjs.org/rxjs/-/rxjs-7.5.5.tgz",
      "integrity": "sha512-sy+H0pQofO95VDmFLzyaw9xNJU4KTRSwQIGM6+iG3SypAtCiLDzpeG8sJrNCWn2Up9km+KhkvTdbkrdy+yzZdw==",
      "peer": true,
      "requires": {
        "tslib": "^2.1.0"
      }
    },
    "tslib": {
      "version": "2.3.1",
      "resolved": "https://registry.npmjs.org/tslib/-/tslib-2.3.1.tgz",
      "integrity": "sha512-77EbyPPpMz+FRFRuAFlWMtmgUWGe9UOG2Z25NqCwiIjRhOf5iKGuzSe5P2w1laq+FkRy4p+PCuVkJSGkzTEKVw=="
    },
    "zone.js": {
      "version": "0.11.5",
      "resolved": "https://registry.npmjs.org/zone.js/-/zone.js-0.11.5.tgz",
      "integrity": "sha512-D1/7VxEuQ7xk6z/kAROe4SUbd9CzxY4zOwVGnGHerd/SgLIVU5f4esDzQUsOCeArn933BZfWMKydH7l7dPEp0g==",
      "peer": true,
      "requires": {
        "tslib": "^2.3.0"
      }
    }
  }
}
